
Microsoft Visual Studio Solution File, Format Version 12.00
# Visual Studio Version 16
VisualStudioVersion = 16.0.29215.179
MinimumVisualStudioVersion = 10.0.40219.1
Project("{2150E333-8FDC-42A3-9474-1A3956D46DE8}") = "Solution Items", "Solution Items", "{181030E9-D205-4CB9-853D-2C031CCD116B}"
	ProjectSection(SolutionItems) = preProject
		..\..\README.md = ..\..\README.md
	EndProjectSection
EndProject
Project("{2150E333-8FDC-42A3-9474-1A3956D46DE8}") = "Docker", "Docker", "{CE5CB62F-3CBB-49B9-88F9-A14F52291687}"
	ProjectSection(SolutionItems) = preProject
		docker-compose.yml = docker-compose.yml
	EndProjectSection
EndProject
Project("{2150E333-8FDC-42A3-9474-1A3956D46DE8}") = "Adventure_works", "Adventure_works", "{6EAB74DB-8643-4E01-86C8-40E02FBC02D3}"
	ProjectSection(SolutionItems) = preProject
		Docker\adventure_works\Dockerfile = Docker\adventure_works\Dockerfile
		Docker\adventure_works\import-data.sh = Docker\adventure_works\import-data.sh
		Docker\adventure_works\setup.sql = Docker\adventure_works\setup.sql
	EndProjectSection
EndProject
Project("{9A19103F-16F7-4668-BE54-9A1E7A4F7556}") = "WebServer", "WebServer\WebServer.csproj", "{54FD1501-265E-4679-BE61-66978248ED25}"
EndProject
Project("{9A19103F-16F7-4668-BE54-9A1E7A4F7556}") = "BookStore", "BookStore\BookStore.csproj", "{CA87A904-3E4F-4AFB-80F7-6B1C2534DDA8}"
EndProject
Project("{9A19103F-16F7-4668-BE54-9A1E7A4F7556}") = "ClientMVC", "ClientMVC\ClientMVC.csproj", "{CE99D062-8AD0-4E9B-956D-DF6D8D0683E3}"
EndProject
Global
	GlobalSection(SolutionConfigurationPlatforms) = preSolution
		Debug|Any CPU = Debug|Any CPU
		Release|Any CPU = Release|Any CPU
	EndGlobalSection
	GlobalSection(ProjectConfigurationPlatforms) = postSolution
		{54FD1501-265E-4679-BE61-66978248ED25}.Debug|Any CPU.ActiveCfg = Debug|Any CPU
		{54FD1501-265E-4679-BE61-66978248ED25}.Debug|Any CPU.Build.0 = Debug|Any CPU
		{54FD1501-265E-4679-BE61-66978248ED25}.Release|Any CPU.ActiveCfg = Release|Any CPU
		{54FD1501-265E-4679-BE61-66978248ED25}.Release|Any CPU.Build.0 = Release|Any CPU
		{CA87A904-3E4F-4AFB-80F7-6B1C2534DDA8}.Debug|Any CPU.ActiveCfg = Debug|Any CPU
		{CA87A904-3E4F-4AFB-80F7-6B1C2534DDA8}.Debug|Any CPU.Build.0 = Debug|Any CPU
		{CA87A904-3E4F-4AFB-80F7-6B1C2534DDA8}.Release|Any CPU.ActiveCfg = Release|Any CPU
		{CA87A904-3E4F-4AFB-80F7-6B1C2534DDA8}.Release|Any CPU.Build.0 = Release|Any CPU
		{CE99D062-8AD0-4E9B-956D-DF6D8D0683E3}.Debug|Any CPU.ActiveCfg = Debug|Any CPU
		{CE99D062-8AD0-4E9B-956D-DF6D8D0683E3}.Debug|Any CPU.Build.0 = Debug|Any CPU
		{CE99D062-8AD0-4E9B-956D-DF6D8D0683E3}.Release|Any CPU.ActiveCfg = Release|Any CPU
		{CE99D062-8AD0-4E9B-956D-DF6D8D0683E3}.Release|Any CPU.Build.0 = Release|Any CPU
	EndGlobalSection
	GlobalSection(SolutionProperties) = preSolution
		HideSolutionNode = FALSE
	EndGlobalSection
	GlobalSection(NestedProjects) = preSolution
		{6EAB74DB-8643-4E01-86C8-40E02FBC02D3} = {CE5CB62F-3CBB-49B9-88F9-A14F52291687}
	EndGlobalSection
	GlobalSection(ExtensibilityGlobals) = postSolution
		SolutionGuid = {456C657B-E82A-4308-B094-2A067929BCE7}
	EndGlobalSection
EndGlobal
